
Microsoft Visual Studio Solution File, Format Version 12.00
# Visual Studio Version 16
VisualStudioVersion = 16.0.31005.135
MinimumVisualStudioVersion = 10.0.40219.1
Project("{FAE04EC0-301F-11D3-BF4B-00C04F79EFBC}") = "Sistema de deciciones de Funeraria", "Sistema de deciciones de Funeraria.csproj", "{02FC8714-5094-4CAF-B989-4197291DD5B5}"
EndProject
Global
	GlobalSection(SolutionConfigurationPlatforms) = preSolution
		Debug|Any CPU = Debug|Any CPU
		Release|Any CPU = Release|Any CPU
	EndGlobalSection
	GlobalSection(ProjectConfigurationPlatforms) = postSolution
		{02FC8714-5094-4CAF-B989-4197291DD5B5}.Debug|Any CPU.ActiveCfg = Debug|Any CPU
		{02FC8714-5094-4CAF-B989-4197291DD5B5}.Debug|Any CPU.Build.0 = Debug|Any CPU
		{02FC8714-5094-4CAF-B989-4197291DD5B5}.Release|Any CPU.ActiveCfg = Release|Any CPU
		{02FC8714-5094-4CAF-B989-4197291DD5B5}.Release|Any CPU.Build.0 = Release|Any CPU
	EndGlobalSection
	GlobalSection(SolutionProperties) = preSolution
		HideSolutionNode = FALSE
	EndGlobalSection
	GlobalSection(ExtensibilityGlobals) = postSolution
		SolutionGuid = {45839A9C-D16A-4705-84C3-52AE83A4E0ED}
	EndGlobalSection
EndGlobal
